// !$*UTF8*$!
{
	archiveVersion = 1;
	classes = {
	};
	objectVersion = 50;
	objects = {

/* Begin PBXBuildFile section */
		0009FDDE2561D36D000055F9 /* Grisbi.app in CopyFiles */ = {isa = PBXBuildFile; fileRef = 0009FDDD2561D36D000055F9 /* Grisbi.app */; settings = {ATTRIBUTES = (RemoveHeadersOnCopy, ); }; };
		003EAF4025164A2D00DAD696 /* AppDelegate.m in Sources */ = {isa = PBXBuildFile; fileRef = 003EAF3F25164A2D00DAD696 /* AppDelegate.m */; };
		003EAF4225164A2E00DAD696 /* Assets.xcassets in Resources */ = {isa = PBXBuildFile; fileRef = 003EAF4125164A2E00DAD696 /* Assets.xcassets */; };
		003EAF4525164A2E00DAD696 /* MainMenu.xib in Resources */ = {isa = PBXBuildFile; fileRef = 003EAF4325164A2E00DAD696 /* MainMenu.xib */; };
		003EAF4825164A2E00DAD696 /* main.m in Sources */ = {isa = PBXBuildFile; fileRef = 003EAF4725164A2E00DAD696 /* main.m */; };
		00B43013251653A00099EB4D /* Grisbi.icns in Resources */ = {isa = PBXBuildFile; fileRef = 00B43012251653A00099EB4D /* Grisbi.icns */; };
/* End PBXBuildFile section */

/* Begin PBXCopyFilesBuildPhase section */
		0009FDDC2561D310000055F9 /* CopyFiles */ = {
			isa = PBXCopyFilesBuildPhase;
			buildActionMask = 2147483647;
			dstPath = "";
			dstSubfolderSpec = 7;
			files = (
				0009FDDE2561D36D000055F9 /* Grisbi.app in CopyFiles */,
			);
			runOnlyForDeploymentPostprocessing = 0;
		};
/* End PBXCopyFilesBuildPhase section */

/* Begin PBXFileReference section */
		0009FDDD2561D36D000055F9 /* Grisbi.app */ = {isa = PBXFileReference; lastKnownFileType = wrapper.application; name = Grisbi.app; path = ../dist/Grisbi.app; sourceTree = "<group>"; };
		003EAF3B25164A2D00DAD696 /* Grisbi.app */ = {isa = PBXFileReference; explicitFileType = wrapper.application; includeInIndex = 0; path = Grisbi.app; sourceTree = BUILT_PRODUCTS_DIR; };
		003EAF3E25164A2D00DAD696 /* AppDelegate.h */ = {isa = PBXFileReference; lastKnownFileType = sourcecode.c.h; path = AppDelegate.h; sourceTree = "<group>"; };
		003EAF3F25164A2D00DAD696 /* AppDelegate.m */ = {isa = PBXFileReference; lastKnownFileType = sourcecode.c.objc; path = AppDelegate.m; sourceTree = "<group>"; };
		003EAF4125164A2E00DAD696 /* Assets.xcassets */ = {isa = PBXFileReference; lastKnownFileType = folder.assetcatalog; path = Assets.xcassets; sourceTree = "<group>"; };
		003EAF4425164A2E00DAD696 /* Base */ = {isa = PBXFileReference; lastKnownFileType = file.xib; name = Base; path = Base.lproj/MainMenu.xib; sourceTree = "<group>"; };
		003EAF4625164A2E00DAD696 /* Info.plist */ = {isa = PBXFileReference; lastKnownFileType = text.plist.xml; path = Info.plist; sourceTree = "<group>"; };
		003EAF4725164A2E00DAD696 /* main.m */ = {isa = PBXFileReference; lastKnownFileType = sourcecode.c.objc; path = main.m; sourceTree = "<group>"; };
		003EAF4925164A2E00DAD696 /* Grisbi_Launcher.entitlements */ = {isa = PBXFileReference; lastKnownFileType = text.plist.entitlements; path = Grisbi_Launcher.entitlements; sourceTree = "<group>"; };
		00B43012251653A00099EB4D /* Grisbi.icns */ = {isa = PBXFileReference; lastKnownFileType = image.icns; path = Grisbi.icns; sourceTree = "<group>"; };
/* End PBXFileReference section */

/* Begin PBXFrameworksBuildPhase section */
		003EAF3825164A2D00DAD696 /* Frameworks */ = {
			isa = PBXFrameworksBuildPhase;
			buildActionMask = 2147483647;
			files = (
			);
			runOnlyForDeploymentPostprocessing = 0;
		};
/* End PBXFrameworksBuildPhase section */

/* Begin PBXGroup section */
		003EAF3225164A2D00DAD696 = {
			isa = PBXGroup;
			children = (
				0009FDDD2561D36D000055F9 /* Grisbi.app */,
				003EAF3D25164A2D00DAD696 /* Grisbi Launcher */,
				003EAF3C25164A2D00DAD696 /* Products */,
			);
			sourceTree = "<group>";
		};
		003EAF3C25164A2D00DAD696 /* Products */ = {
			isa = PBXGroup;
			children = (
				003EAF3B25164A2D00DAD696 /* Grisbi.app */,
			);
			name = Products;
			sourceTree = "<group>";
		};
		003EAF3D25164A2D00DAD696 /* Grisbi Launcher */ = {
			isa = PBXGroup;
			children = (
				00B43012251653A00099EB4D /* Grisbi.icns */,
				003EAF3E25164A2D00DAD696 /* AppDelegate.h */,
				003EAF3F25164A2D00DAD696 /* AppDelegate.m */,
				003EAF4125164A2E00DAD696 /* Assets.xcassets */,
				003EAF4325164A2E00DAD696 /* MainMenu.xib */,
				003EAF4625164A2E00DAD696 /* Info.plist */,
				003EAF4725164A2E00DAD696 /* main.m */,
				003EAF4925164A2E00DAD696 /* Grisbi_Launcher.entitlements */,
			);
			path = "Grisbi Launcher";
			sourceTree = "<group>";
		};
/* End PBXGroup section */

/* Begin PBXNativeTarget section */
		003EAF3A25164A2D00DAD696 /* Grisbi */ = {
			isa = PBXNativeTarget;
			buildConfigurationList = 003EAF4C25164A2E00DAD696 /* Build configuration list for PBXNativeTarget "Grisbi" */;
			buildPhases = (
				003EAF3725164A2D00DAD696 /* Sources */,
				003EAF3825164A2D00DAD696 /* Frameworks */,
				003EAF3925164A2D00DAD696 /* Resources */,
				0009FDDC2561D310000055F9 /* CopyFiles */,
			);
			buildRules = (
			);
			dependencies = (
			);
			name = Grisbi;
			productName = "Grisbi Launcher";
			productReference = 003EAF3B25164A2D00DAD696 /* Grisbi.app */;
			productType = "com.apple.product-type.application";
		};
/* End PBXNativeTarget section */

/* Begin PBXProject section */
		003EAF3325164A2D00DAD696 /* Project object */ = {
			isa = PBXProject;
			attributes = {
				LastUpgradeCheck = 1130;
				ORGANIZATIONNAME = Grisbi;
				TargetAttributes = {
					003EAF3A25164A2D00DAD696 = {
						CreatedOnToolsVersion = 11.3.1;
					};
				};
			};
			buildConfigurationList = 003EAF3625164A2D00DAD696 /* Build configuration list for PBXProject "Grisbi Launcher" */;
			compatibilityVersion = "Xcode 9.3";
			developmentRegion = en;
			hasScannedForEncodings = 0;
			knownRegions = (
				en,
				Base,
			);
			mainGroup = 003EAF3225164A2D00DAD696;
			productRefGroup = 003EAF3C25164A2D00DAD696 /* Products */;
			projectDirPath = "";
			projectRoot = "";
			targets = (
				003EAF3A25164A2D00DAD696 /* Grisbi */,
			);
		};
/* End PBXProject section */

/* Begin PBXResourcesBuildPhase section */
		003EAF3925164A2D00DAD696 /* Resources */ = {
			isa = PBXResourcesBuildPhase;
			buildActionMask = 2147483647;
			files = (
				003EAF4225164A2E00DAD696 /* Assets.xcassets in Resources */,
				003EAF4525164A2E00DAD696 /* MainMenu.xib in Resources */,
				00B43013251653A00099EB4D /* Grisbi.icns in Resources */,
			);
			runOnlyForDeploymentPostprocessing = 0;
		};
/* End PBXResourcesBuildPhase section */

/* Begin PBXSourcesBuildPhase section */
		003EAF3725164A2D00DAD696 /* Sources */ = {
			isa = PBXSourcesBuildPhase;
			buildActionMask = 2147483647;
			files = (
				003EAF4825164A2E00DAD696 /* main.m in Sources */,
				003EAF4025164A2D00DAD696 /* AppDelegate.m in Sources */,
			);
			runOnlyForDeploymentPostprocessing = 0;
		};
/* End PBXSourcesBuildPhase section */

/* Begin PBXVariantGroup section */
		003EAF4325164A2E00DAD696 /* MainMenu.xib */ = {
			isa = PBXVariantGroup;
			children = (
				003EAF4425164A2E00DAD696 /* Base */,
			);
			name = MainMenu.xib;
			sourceTree = "<group>";
		};
/* End PBXVariantGroup section */

/* Begin XCBuildConfiguration section */
		003EAF4A25164A2E00DAD696 /* Debug */ = {
			isa = XCBuildConfiguration;
			buildSettings = {
				ALWAYS_SEARCH_USER_PATHS = NO;
				CLANG_ANALYZER_NONNULL = YES;
				CLANG_ANALYZER_NUMBER_OBJECT_CONVERSION = YES_AGGRESSIVE;
				CLANG_CXX_LANGUAGE_STANDARD = "gnu++14";
				CLANG_CXX_LIBRARY = "libc++";
				CLANG_ENABLE_MODULES = YES;
				CLANG_ENABLE_OBJC_ARC = YES;
				CLANG_ENABLE_OBJC_WEAK = YES;
				CLANG_WARN_BLOCK_CAPTURE_AUTORELEASING = YES;
				CLANG_WARN_BOOL_CONVERSION = YES;
				CLANG_WARN_COMMA = YES;
				CLANG_WARN_CONSTANT_CONVERSION = YES;
				CLANG_WARN_DEPRECATED_OBJC_IMPLEMENTATIONS = YES;
				CLANG_WARN_DIRECT_OBJC_ISA_USAGE = YES_ERROR;
				CLANG_WARN_DOCUMENTATION_COMMENTS = YES;
				CLANG_WARN_EMPTY_BODY = YES;
				CLANG_WARN_ENUM_CONVERSION = YES;
				CLANG_WARN_INFINITE_RECURSION = YES;
				CLANG_WARN_INT_CONVERSION = YES;
				CLANG_WARN_NON_LITERAL_NULL_CONVERSION = YES;
				CLANG_WARN_OBJC_IMPLICIT_RETAIN_SELF = YES;
				CLANG_WARN_OBJC_LITERAL_CONVERSION = YES;
				CLANG_WARN_OBJC_ROOT_CLASS = YES_ERROR;
				CLANG_WARN_RANGE_LOOP_ANALYSIS = YES;
				CLANG_WARN_STRICT_PROTOTYPES = YES;
				CLANG_WARN_SUSPICIOUS_MOVE = YES;
				CLANG_WARN_UNGUARDED_AVAILABILITY = YES_AGGRESSIVE;
				CLANG_WARN_UNREACHABLE_CODE = YES;
				CLANG_WARN__DUPLICATE_METHOD_MATCH = YES;
				COPY_PHASE_STRIP = NO;
				DEBUG_INFORMATION_FORMAT = dwarf;
				ENABLE_STRICT_OBJC_MSGSEND = YES;
				ENABLE_TESTABILITY = YES;
				GCC_C_LANGUAGE_STANDARD = gnu11;
				GCC_DYNAMIC_NO_PIC = NO;
				GCC_NO_COMMON_BLOCKS = YES;
				GCC_OPTIMIZATION_LEVEL = 0;
				GCC_PREPROCESSOR_DEFINITIONS = (
					"DEBUG=1",
					"$(inherited)",
				);
				GCC_WARN_64_TO_32_BIT_CONVERSION = YES;
				GCC_WARN_ABOUT_RETURN_TYPE = YES_ERROR;
				GCC_WARN_UNDECLARED_SELECTOR = YES;
				GCC_WARN_UNINITIALIZED_AUTOS = YES_AGGRESSIVE;
				GCC_WARN_UNUSED_FUNCTION = YES;
				GCC_WARN_UNUSED_VARIABLE = YES;
				MACOSX_DEPLOYMENT_TARGET = 10.14;
				MTL_ENABLE_DEBUG_INFO = INCLUDE_SOURCE;
				MTL_FAST_MATH = YES;
				ONLY_ACTIVE_ARCH = YES;
				SDKROOT = macosx;
			};
			name = Debug;
		};
		003EAF4B25164A2E00DAD696 /* Release */ = {
			isa = XCBuildConfiguration;
			buildSettings = {
				ALWAYS_SEARCH_USER_PATHS = NO;
				CLANG_ANALYZER_NONNULL = YES;
				CLANG_ANALYZER_NUMBER_OBJECT_CONVERSION = YES_AGGRESSIVE;
				CLANG_CXX_LANGUAGE_STANDARD = "gnu++14";
				CLANG_CXX_LIBRARY = "libc++";
				CLANG_ENABLE_MODULES = YES;
				CLANG_ENABLE_OBJC_ARC = YES;
				CLANG_ENABLE_OBJC_WEAK = YES;
				CLANG_WARN_BLOCK_CAPTURE_AUTORELEASING = YES;
				CLANG_WARN_BOOL_CONVERSION = YES;
				CLANG_WARN_COMMA = YES;
				CLANG_WARN_CONSTANT_CONVERSION = YES;
				CLANG_WARN_DEPRECATED_OBJC_IMPLEMENTATIONS = YES;
				CLANG_WARN_DIRECT_OBJC_ISA_USAGE = YES_ERROR;
				CLANG_WARN_DOCUMENTATION_COMMENTS = YES;
				CLANG_WARN_EMPTY_BODY = YES;
				CLANG_WARN_ENUM_CONVERSION = YES;
				CLANG_WARN_INFINITE_RECURSION = YES;
				CLANG_WARN_INT_CONVERSION = YES;
				CLANG_WARN_NON_LITERAL_NULL_CONVERSION = YES;
				CLANG_WARN_OBJC_IMPLICIT_RETAIN_SELF = YES;
				CLANG_WARN_OBJC_LITERAL_CONVERSION = YES;
				CLANG_WARN_OBJC_ROOT_CLASS = YES_ERROR;
				CLANG_WARN_RANGE_LOOP_ANALYSIS = YES;
				CLANG_WARN_STRICT_PROTOTYPES = YES;
				CLANG_WARN_SUSPICIOUS_MOVE = YES;
				CLANG_WARN_UNGUARDED_AVAILABILITY = YES_AGGRESSIVE;
				CLANG_WARN_UNREACHABLE_CODE = YES;
				CLANG_WARN__DUPLICATE_METHOD_MATCH = YES;
				COPY_PHASE_STRIP = NO;
				DEBUG_INFORMATION_FORMAT = "dwarf-with-dsym";
				ENABLE_NS_ASSERTIONS = NO;
				ENABLE_STRICT_OBJC_MSGSEND = YES;
				GCC_C_LANGUAGE_STANDARD = gnu11;
				GCC_NO_COMMON_BLOCKS = YES;
				GCC_WARN_64_TO_32_BIT_CONVERSION = YES;
				GCC_WARN_ABOUT_RETURN_TYPE = YES_ERROR;
				GCC_WARN_UNDECLARED_SELECTOR = YES;
				GCC_WARN_UNINITIALIZED_AUTOS = YES_AGGRESSIVE;
				GCC_WARN_UNUSED_FUNCTION = YES;
				GCC_WARN_UNUSED_VARIABLE = YES;
				MACOSX_DEPLOYMENT_TARGET = 10.14;
				MTL_ENABLE_DEBUG_INFO = NO;
				MTL_FAST_MATH = YES;
				SDKROOT = macosx;
			};
			name = Release;
		};
		003EAF4D25164A2E00DAD696 /* Debug */ = {
			isa = XCBuildConfiguration;
			buildSettings = {
				ASSETCATALOG_COMPILER_APPICON_NAME = AppIcon;
				CODE_SIGN_ENTITLEMENTS = "Grisbi Launcher/Grisbi_Launcher.entitlements";
				CODE_SIGN_STYLE = Automatic;
				COMBINE_HIDPI_IMAGES = YES;
				INFOPLIST_FILE = "Grisbi Launcher/Info.plist";
				LD_RUNPATH_SEARCH_PATHS = (
					"$(inherited)",
					"@executable_path/../Frameworks",
				);
				PRODUCT_BUNDLE_IDENTIFIER = "org.grisbi.Grisbi-Launcher";
				PRODUCT_NAME = "$(TARGET_NAME)";
			};
			name = Debug;
		};
		003EAF4E25164A2E00DAD696 /* Release */ = {
			isa = XCBuildConfiguration;
			buildSettings = {
				ASSETCATALOG_COMPILER_APPICON_NAME = AppIcon;
				CODE_SIGN_ENTITLEMENTS = "Grisbi Launcher/Grisbi_Launcher.entitlements";
				CODE_SIGN_STYLE = Automatic;
				COMBINE_HIDPI_IMAGES = YES;
				INFOPLIST_FILE = "Grisbi Launcher/Info.plist";
				LD_RUNPATH_SEARCH_PATHS = (
					"$(inherited)",
					"@executable_path/../Frameworks",
				);
				PRODUCT_BUNDLE_IDENTIFIER = "org.grisbi.Grisbi-Launcher";
				PRODUCT_NAME = "$(TARGET_NAME)";
			};
			name = Release;
		};
/* End XCBuildConfiguration section */

/* Begin XCConfigurationList section */
		003EAF3625164A2D00DAD696 /* Build configuration list for PBXProject "Grisbi Launcher" */ = {
			isa = XCConfigurationList;
			buildConfigurations = (
				003EAF4A25164A2E00DAD696 /* Debug */,
				003EAF4B25164A2E00DAD696 /* Release */,
			);
			defaultConfigurationIsVisible = 0;
			defaultConfigurationName = Release;
		};
		003EAF4C25164A2E00DAD696 /* Build configuration list for PBXNativeTarget "Grisbi" */ = {
			isa = XCConfigurationList;
			buildConfigurations = (
				003EAF4D25164A2E00DAD696 /* Debug */,
				003EAF4E25164A2E00DAD696 /* Release */,
			);
			defaultConfigurationIsVisible = 0;
			defaultConfigurationName = Release;
		};
/* End XCConfigurationList section */
	};
	rootObject = 003EAF3325164A2D00DAD696 /* Project object */;
}
